{
  "lockfileVersion": 1,
  "configVersion": 1,
  "workspaces": {
    "": {
      "name": "tabframe",
      "devDependencies": {
        "@biomejs/biome": "2.5.11",
        "@playwright/test": "1.62.1",
        "@types/bun": "1.4.0",
        "@types/node": "22.20.1",
        "assemblyscript": "0.28.20",
        "esbuild": "0.28.2",
        "fast-check": "4.9.0",
        "typescript": "7.0.2",
      },
    },
    "packages/control-plane": {
      "name": "@tabframe/control-plane",
      "version": "0.0.0",
      "dependencies": {
        "@tabframe/core": "workspace:*",
        "@tabframe/fleet": "workspace:*",
        "@tabframe/node": "workspace:*",
        "@tabframe/protocol": "workspace:*",
        "@tabframe/sandbox": "workspace:*",
        "@tabframe/store": "workspace:*",
        "ws": "8.21.3",
      },
      "devDependencies": {
        "@types/ws": "8.18.1",
      },
    },
    "packages/core": {
      "name": "@tabframe/core",
      "version": "0.0.0",
      "dependencies": {
        "@tabframe/protocol": "workspace:*",
      },
      "devDependencies": {
        "@tabframe/sandbox": "workspace:*",
        "fast-check": "4.9.0",
      },
    },
    "packages/dev": {
      "name": "@tabframe/dev",
      "version": "0.0.0",
    },
    "packages/fleet": {
      "name": "@tabframe/fleet",
      "version": "0.0.0",
      "dependencies": {
        "@aws-sdk/client-cloudformation": "3.1124.0",
        "@aws-sdk/client-eventbridge": "3.1124.0",
        "@aws-sdk/client-lambda": "3.1124.0",
        "@aws-sdk/client-lambda-microvms": "3.1124.0",
        "@aws-sdk/client-s3": "3.1124.0",
        "@aws-sdk/client-secrets-manager": "3.1124.0",
        "@aws-sdk/client-ssm": "3.1124.0",
      },
      "devDependencies": {
        "aws-sdk-client-mock": "4.1.0",
      },
    },
    "packages/infra": {
      "name": "@tabframe/infra",
      "version": "0.0.0",
      "dependencies": {
        "@aws-sdk/client-cloudformation": "3.1124.0",
        "@aws-sdk/client-lambda": "3.1124.0",
        "@aws-sdk/client-lambda-microvms": "3.1124.0",
        "@aws-sdk/client-s3": "3.1124.0",
        "@aws-sdk/client-service-quotas": "3.1124.0",
        "@aws-sdk/client-sts": "3.1124.0",
        "@tabframe/protocol": "workspace:*",
        "aws-cdk-lib": "2.267.0",
        "constructs": "10.8.1",
      },
      "devDependencies": {
        "aws-sdk-client-mock": "4.1.0",
      },
    },
    "packages/node": {
      "name": "@tabframe/node",
      "version": "0.0.0",
      "dependencies": {
        "@tabframe/protocol": "workspace:*",
        "@tabframe/sandbox": "workspace:*",
        "@tabframe/store": "workspace:*",
      },
    },
    "packages/protocol": {
      "name": "@tabframe/protocol",
      "version": "0.0.0",
      "dependencies": {
        "zod": "4.5.4",
      },
    },
    "packages/sandbox": {
      "name": "@tabframe/sandbox",
      "version": "0.0.0",
      "dependencies": {
        "@tabframe/protocol": "workspace:*",
      },
    },
    "packages/sdk-as": {
      "name": "@tabframe/sdk-as",
      "version": "0.0.0",
      "dependencies": {
        "@tabframe/protocol": "workspace:*",
      },
    },
    "packages/store": {
      "name": "@tabframe/store",
      "version": "0.0.0",
      "dependencies": {
        "@aws-sdk/client-s3": "3.1124.0",
        "@aws-sdk/s3-request-presigner": "3.1124.0",
        "@tabframe/protocol": "workspace:*",
      },
      "devDependencies": {
        "aws-sdk-client-mock": "4.1.0",
      },
    },
    "packages/web": {
      "name": "@tabframe/web",
      "version": "0.0.0",
      "dependencies": {
        "@tabframe/node": "workspace:*",
        "@tabframe/protocol": "workspace:*",
        "@tabframe/sandbox": "workspace:*",
        "@tabframe/store": "workspace:*",
      },
    },
    "programs/mandelbrot": {
      "name": "@tabframe/program-mandelbrot",
      "version": "0.0.0",
      "dependencies": {
        "@tabframe/sdk-as": "workspace:*",
      },
    },
    "programs/wordcount": {
      "name": "@tabframe/program-wordcount",
      "version": "0.0.0",
      "dependencies": {
        "@tabframe/sdk-as": "workspace:*",
      },
    },
  },
  "packages": {
    "@aws-cdk/asset-awscli-v1": ["@aws-cdk/asset-awscli-v1@2.2.292", "", {}, "sha512-d4aMFsAFj19FtxVyw8IzlUKv5Zu4sIvgnEjI2IU6IWBJgVbJ4aFnadANqYa+6MwB1CQbGOg0jh8WE77M+Nb/9A=="],

    "@aws-cdk/asset-node-proxy-agent-v6": ["@aws-cdk/asset-node-proxy-agent-v6@2.1.2", "", {}, "sha512-pDiuqH+qY3zM9lhhLjbKJ1tnKOHzQ2V4Wr/3qsxyKeKAkuPMI/BVGvZG1PbrikUw949cGVTfVEt4ETKKYnrj0Q=="],

    "@aws-cdk/cloud-assembly-api": ["@aws-cdk/cloud-assembly-api@2.4.0", "", { "dependencies": { "json-source-map": "^0.6.1", "jsonschema": "^1.5.0", "semver": "^7.8.5" }, "peerDependencies": { "@aws-cdk/cloud-assembly-schema": ">=54.21.0" } }, "sha512-ooStESI1uXNcFAx1IgG6XcN7SsMuenoaxSb1FHqcLqwy7Lq5HUMWM52mtIzrS/uJmoFNvoxQ7fGbk8MfCGIjlw=="],

    "@aws-cdk/cloud-assembly-schema": ["@aws-cdk/cloud-assembly-schema@54.21.0", "", { "dependencies": { "jsonschema": "^1.5.0", "semver": "^7.8.5" } }, "sha512-URh+k3/xG+e48lF41qBn/J8TzxwBaHt7Wsg5ZF+W4l76yiPhFmW7atV0BMVrWy7jh4SGO+yCuuqJe+CNjSk31w=="],

    "@aws-sdk/checksums": ["@aws-sdk/checksums@3.1000.29", "", { "dependencies": { "@aws-sdk/core": "^3.977.9", "@aws-sdk/types": "^3.974.5", "@smithy/core": "^3.33.3", "@smithy/types": "^4.17.2", "tslib": "^2.6.2" } }, "sha512-Dtu0gr4dnATZAPwEYbpCsG+MpLM7OAliy2gTepEFQwl1vZ6DL3QMH2FveMa3HLvPsOdhJsPRB3KtxVhph9T75A=="],

    "@aws-sdk/client-cloudformation": ["@aws-sdk/client-cloudformation@3.1124.0", "", { "dependencies": { "@aws-sdk/core": "^3.977.9", "@aws-sdk/credential-provider-node": "^3.972.82", "@aws-sdk/types": "^3.974.5", "@smithy/core": "^3.33.3", "@smithy/fetch-http-handler": "^5.7.2", "@smithy/node-http-handler": "^4.11.3", "@smithy/types": "^4.17.2", "tslib": "^2.6.2" } }, "sha512-XBJ7CpN9nVm0MR0Tehlu4FM2FB0zX9WyDCMpRsCNRX7Y3LYliL6KSt3dEaS0xolYub9q6VLSmwv1bN8SlWMrOQ=="],

    "@aws-sdk/client-eventbridge": ["@aws-sdk/client-eventbridge@3.1124.0", "", { "dependencies": { "@aws-sdk/core": "^3.977.9", "@aws-sdk/credential-provider-node": "^3.972.82", "@aws-sdk/signature-v4-multi-region": "^3.996.46", "@aws-sdk/types": "^3.974.5", "@smithy/core": "^3.33.3", "@smithy/fetch-http-handler": "^5.7.2", "@smithy/node-http-handler": "^4.11.3", "@smithy/types": "^4.17.2", "tslib": "^2.6.2" } }, "sha512-vpoOmKZkkZKtjOrDfc7JL9dKyIzNYGsoc5j69N1eCz49m8gVnu4qgRbh80FdDg4TzoalfsXPlUVlHIQZ5gTONA=="],

    "@aws-sdk/client-lambda": ["@aws-sdk/client-lambda@3.1124.0", "", { "dependencies": { "@aws-sdk/core": "^3.977.9", "@aws-sdk/credential-provider-node": "^3.972.82", "@aws-sdk/types": "^3.974.5", "@smithy/core": "^3.33.3", "@smithy/fetch-http-handler": "^5.7.2", "@smithy/node-http-handler": "^4.11.3", "@smithy/types": "^4.17.2", "tslib": "^2.6.2" } }, "sha512-lbYfm0FPZcnAxLWgMSo7YxxFazYKtKrdFdjytCXbs/kFyQpUx4sqATB2NYZtDYUSVZP4e8b0JgnymTpV/IPB/Q=="],

    "@aws-sdk/client-lambda-microvms": ["@aws-sdk/client-lambda-microvms@3.1124.0", "", { "dependencies": { "@aws-sdk/core": "^3.977.9", "@aws-sdk/credential-provider-node": "^3.972.82", "@aws-sdk/types": "^3.974.5", "@smithy/core": "^3.33.3", "@smithy/fetch-http-handler": "^5.7.2", "@smithy/node-http-handler": "^4.11.3", "@smithy/types": "^4.17.2", "tslib": "^2.6.2" } }, "sha512-cE/9dq+TVKiB4ghPrsNbSRsCiWlI7L67WdOS3qOLSCF7YN/5hWZ+k26V9E+Uz4pF7YFJ+e29vrj9ZoeDEEWo/Q=="],

    "@aws-sdk/client-s3": ["@aws-sdk/client-s3@3.1124.0", "", { "dependencies": { "@aws-sdk/checksums": "^3.1000.29", "@aws-sdk/core": "^3.977.9", "@aws-sdk/credential-provider-node": "^3.972.82", "@aws-sdk/middleware-sdk-s3": "^3.972.75", "@aws-sdk/signature-v4-multi-region": "^3.996.46", "@aws-sdk/types": "^3.974.5", "@smithy/core": "^3.33.3", "@smithy/fetch-http-handler": "^5.7.2", "@smithy/node-http-handler": "^4.11.3", "@smithy/types": "^4.17.2", "tslib": "^2.6.2" } }, "sha512-f20BksgVlXufcf/mijde1LAjwM/iSDdG3mGtN3yRFOUzXtlFEOjxNi1Rf2Kb+rSgoiOSpO0hUOna9Bs+J1gX2A=="],

    "@aws-sdk/client-secrets-manager": ["@aws-sdk/client-secrets-manager@3.1124.0", "", { "dependencies": { "@aws-sdk/core": "^3.977.9", "@aws-sdk/credential-provider-node": "^3.972.82", "@aws-sdk/types": "^3.974.5", "@smithy/core": "^3.33.3", "@smithy/fetch-http-handler": "^5.7.2", "@smithy/node-http-handler": "^4.11.3", "@smithy/types": "^4.17.2", "tslib": "^2.6.2" } }, "sha512-+RE3Gu0JRcO4mMPSezG9VyQEyORXtFTGGUkVt/12Rcmv0+CzsDYfHbj4BRk8LJQE8yYGZMALR3P6OeCj8VvlgA=="],

    "@aws-sdk/client-service-quotas": ["@aws-sdk/client-service-quotas@3.1124.0", "", { "dependencies": { "@aws-sdk/core": "^3.977.9", "@aws-sdk/credential-provider-node": "^3.972.82", "@aws-sdk/types": "^3.974.5", "@smithy/core": "^3.33.3", "@smithy/fetch-http-handler": "^5.7.2", "@smithy/node-http-handler": "^4.11.3", "@smithy/types": "^4.17.2", "tslib": "^2.6.2" } }, "sha512-wu3k684rv2/kFMp+Qbvqn3YR6vogjQARaQ9reoX8ka2gMPg/UmYi3sXW5jAx1Vx5ddohoDcf4YtoZ3KFhsndCQ=="],

    "@aws-sdk/client-ssm": ["@aws-sdk/client-ssm@3.1124.0", "", { "dependencies": { "@aws-sdk/core": "^3.977.9", "@aws-sdk/credential-provider-node": "^3.972.82", "@aws-sdk/types": "^3.974.5", "@smithy/core": "^3.33.3", "@smithy/fetch-http-handler": "^5.7.2", "@smithy/node-http-handler": "^4.11.3", "@smithy/types": "^4.17.2", "tslib": "^2.6.2" } }, "sha512-e6uX0bM2d07smOAMqzfNHpuRQFp5zrpzOoAGrupNzevTprJ3inENcQshjwkzx62XcPt+/jwXjtK/TSGWogzUlA=="],

    "@aws-sdk/client-sts": ["@aws-sdk/client-sts@3.1124.0", "", { "dependencies": { "@aws-sdk/core": "^3.977.9", "@aws-sdk/credential-provider-node": "^3.972.82", "@aws-sdk/signature-v4-multi-region": "^3.996.46", "@aws-sdk/types": "^3.974.5", "@smithy/core": "^3.33.3", "@smithy/fetch-http-handler": "^5.7.2", "@smithy/node-http-handler": "^4.11.3", "@smithy/types": "^4.17.2", "tslib": "^2.6.2" } }, "sha512-BXfCHbdwhSbVWQ3pFtHSheHjpiLnSdmKtmgLSrUJ4W6r9wWnGMpy6jhTnWuTaqEyNbT43jhW/4Jzws52OS7yww=="],

    "@aws-sdk/core": ["@aws-sdk/core@3.977.9", "", { "dependencies": { "@aws-sdk/types": "^3.974.5", "@aws-sdk/xml-builder": "^3.972.40", "@aws/lambda-invoke-store": "^0.3.0", "@smithy/core": "^3.33.3", "@smithy/signature-v4": "^5.6.12", "@smithy/types": "^4.17.2", "bowser": "^2.11.0", "tslib": "^2.6.2" } }, "sha512-reqPFEQrZxDZpeGj4PFMepBeR5LGYHRqq/L0motTzgFkCRBA4rFdaVXDSLYyGHhxVz7sT2PDnPN9CluGSfgyJA=="],

    "@aws-sdk/credential-provider-env": ["@aws-sdk/credential-provider-env@3.972.70", "", { "dependencies": { "@aws-sdk/core": "^3.977.9", "@aws-sdk/types": "^3.974.5", "@smithy/core": "^3.33.3", "@smithy/types": "^4.17.2", "tslib": "^2.6.2" } }, "sha512-H404B7dJl2mCrBqahDEYsanB0xhdDp6tXnXcTUnXmmpy2Q3J0Ho0bUajZ2jr/RdwzCyS59Gi8xXIFwPLGBl6Uw=="],

    "@aws-sdk/credential-provider-http": ["@aws-sdk/credential-provider-http@3.972.72", "", { "dependencies": { "@aws-sdk/core": "^3.977.9", "@aws-sdk/types": "^3.974.5", "@smithy/core": "^3.33.3", "@smithy/fetch-http-handler": "^5.7.2", "@smithy/node-http-handler": "^4.11.3", "@smithy/types": "^4.17.2", "tslib": "^2.6.2" } }, "sha512-X98zYOrVOeuosCX+6ktf29FC2N2GHPLia7qv6mzPzTc+RPAuHWCDS++Z6JK7eGYqb/v6uaW7bAXaOvDBfol+0w=="],

    "@aws-sdk/credential-provider-ini": ["@aws-sdk/credential-provider-ini@3.973.15", "", { "dependencies": { "@aws-sdk/core": "^3.977.9", "@aws-sdk/credential-provider-env": "^3.972.70", "@aws-sdk/credential-provider-http": "^3.972.72", "@aws-sdk/credential-provider-login": "^3.972.77", "@aws-sdk/credential-provider-process": "^3.972.70", "@aws-sdk/credential-provider-sso": "^3.973.14", "@aws-sdk/credential-provider-web-identity": "^3.972.76", "@aws-sdk/nested-clients": "^3.997.44", "@aws-sdk/types": "^3.974.5", "@smithy/core": "^3.33.3", "@smithy/credential-provider-imds": "^4.4.16", "@smithy/types": "^4.17.2", "tslib": "^2.6.2" } }, "sha512-Rykg6s5ceBuynMOGWgoowO4N+27JfnqXAnVaSunZl0hOO1XodSrxGNz6sCEbnmS0lAfQZDKyb3fbr46gSuv6Sg=="],

    "@aws-sdk/credential-provider-login": ["@aws-sdk/credential-provider-login@3.972.77", "", { "dependencies": { "@aws-sdk/core": "^3.977.9", "@aws-sdk/nested-clients": "^3.997.44", "@aws-sdk/types": "^3.974.5", "@smithy/core": "^3.33.3", "@smithy/types": "^4.17.2", "tslib": "^2.6.2" } }, "sha512-Jb59xfEISoN5mmbnA+HYqdtrSX3CgCtJoof+V5D8/TgUI56W63GEEd5Y58WijU3Ou6+WEgaLD1feVzaRXV5IDQ=="],

    "@aws-sdk/credential-provider-node": ["@aws-sdk/credential-provider-node@3.972.82", "", { "dependencies": { "@aws-sdk/credential-provider-env": "^3.972.70", "@aws-sdk/credential-provider-http": "^3.972.72", "@aws-sdk/credential-provider-ini": "^3.973.15", "@aws-sdk/credential-provider-process": "^3.972.70", "@aws-sdk/credential-provider-sso": "^3.973.14", "@aws-sdk/credential-provider-web-identity": "^3.972.76", "@aws-sdk/types": "^3.974.5", "@smithy/core": "^3.33.3", "@smithy/credential-provider-imds": "^4.4.16", "@smithy/types": "^4.17.2", "tslib": "^2.6.2" } }, "sha512-znDkEOGXB8W3kG1LJUKP3foBZY/9qLM0eil/DxWXSp37XsdsRLQHE/d/OaCGGVgKpA6znR38h/+INk8do1FjiA=="],

    "@aws-sdk/credential-provider-process": ["@aws-sdk/credential-provider-process@3.972.70", "", { "dependencies": { "@aws-sdk/core": "^3.977.9", "@aws-sdk/types": "^3.974.5", "@smithy/core": "^3.33.3", "@smithy/types": "^4.17.2", "tslib": "^2.6.2" } }, "sha512-2ry03fGRJr4sV3jI+ocjj5JqALnFD6ymM5KiNCDZMvq8bX2GSbE0vji4aM43TVCl2nXqqLRZaUxdq/KeWRAY4Q=="],

    "@aws-sdk/credential-provider-sso": ["@aws-sdk/credential-provider-sso@3.973.14", "", { "dependencies": { "@aws-sdk/core": "^3.977.9", "@aws-sdk/nested-clients": "^3.997.44", "@aws-sdk/token-providers": "3.1116.0", "@aws-sdk/types": "^3.974.5", "@smithy/core": "^3.33.3", "@smithy/types": "^4.17.2", "tslib": "^2.6.2" } }, "sha512-jkhg/8ocAAoc0RFyLMhCw+/zZh7gystQgd4F4hznNa8P4Cc501PQmxd+jGLiMHodPJ+7Zv/3znM62gZojyasmA=="],

    "@aws-sdk/credential-provider-web-identity": ["@aws-sdk/credential-provider-web-identity@3.972.76", "", { "dependencies": { "@aws-sdk/core": "^3.977.9", "@aws-sdk/nested-clients": "^3.997.44", "@aws-sdk/types": "^3.974.5", "@smithy/core": "^3.33.3", "@smithy/types": "^4.17.2", "tslib": "^2.6.2" } }, "sha512-d3AGyVu759PGr35mEB2s22xxlNEA5rpdxtSPJthfPFJvoQ8dt357iVPECqWfUxXp1toJAvKmbtcIYVGigaGsCA=="],

    "@aws-sdk/middleware-sdk-s3": ["@aws-sdk/middleware-sdk-s3@3.972.75", "", { "dependencies": { "@aws-sdk/core": "^3.977.9", "@aws-sdk/signature-v4-multi-region": "^3.996.46", "@aws-sdk/types": "^3.974.5", "@smithy/core": "^3.33.3", "@smithy/types": "^4.17.2", "tslib": "^2.6.2" } }, "sha512-wMIsNumRVKaNMKhvU/s9VrdEwE8S6gSzXp4RygFG5BEMnGkkXf8cjh8zf7cKJBpUDpqTWqwbz5isEgp9rH6Lng=="],

    "@aws-sdk/nested-clients": ["@aws-sdk/nested-clients@3.997.44", "", { "dependencies": { "@aws-sdk/core": "^3.977.9", "@aws-sdk/signature-v4-multi-region": "^3.996.46", "@aws-sdk/types": "^3.974.5", "@smithy/core": "^3.33.3", "@smithy/fetch-http-handler": "^5.7.2", "@smithy/node-http-handler": "^4.11.3", "@smithy/types": "^4.17.2", "tslib": "^2.6.2" } }, "sha512-NhEgryjlBF9w38ZXqGymQV28IhkYa1mKhlbYnqIis57AYwWGVYfUPgg/qC2rLRqOUfblxx++irvju10kVTa8Vw=="],

    "@aws-sdk/s3-request-presigner": ["@aws-sdk/s3-request-presigner@3.1124.0", "", { "dependencies": { "@aws-sdk/core": "^3.977.9", "@aws-sdk/signature-v4-multi-region": "^3.996.46", "@aws-sdk/types": "^3.974.5", "@smithy/core": "^3.33.3", "@smithy/types": "^4.17.2", "tslib": "^2.6.2" } }, "sha512-e9R8FQD4QNAM+g2X8HB/wr5q4pgJXjFDMI+FOC759Ez70xG5Zo7lCBU/wVILSFQ2wOrT76F6kVPe3bMERxMf2w=="],

    "@aws-sdk/signature-v4-multi-region": ["@aws-sdk/signature-v4-multi-region@3.996.46", "", { "dependencies": { "@aws-sdk/types": "^3.974.5", "@smithy/signature-v4": "^5.6.12", "@smithy/types": "^4.17.2", "tslib": "^2.6.2" } }, "sha512-L+2xZTye/2T96f3lwCws0Zw6GG2JHZW9e8FpVgGBeeExSKyeoZ6CWRpBml/7DNiK/O26jrgPM9F+Ay8VkgzUWQ=="],

    "@aws-sdk/token-providers": ["@aws-sdk/token-providers@3.1116.0", "", { "dependencies": { "@aws-sdk/core": "^3.977.9", "@aws-sdk/nested-clients": "^3.997.44", "@aws-sdk/types": "^3.974.5", "@smithy/core": "^3.33.3", "@smithy/types": "^4.17.2", "tslib": "^2.6.2" } }, "sha512-ygIivKqh8aHzNkucOCXHyIBgBpLPfrSI0mCqXF+vLBsPTUKqj0VSqAY0GFPe7lQl4HntjOcQ+KSyS7oUV2C54Q=="],

    "@aws-sdk/types": ["@aws-sdk/types@3.974.5", "", { "dependencies": { "@smithy/types": "^4.17.2", "tslib": "^2.6.2" } }, "sha512-LkwLL2BLbC6wNNm4JaH9mbEqBMdOZCct6VAYqhdN4U1xrWM+fUJQEfbHwQgDypapOWTRtlk25akb5afM0P8CIQ=="],

    "@aws-sdk/xml-builder": ["@aws-sdk/xml-builder@3.972.40", "", { "dependencies": { "@smithy/types": "^4.17.2", "tslib": "^2.6.2" } }, "sha512-wlFmCIGUlwF4zx/kncw+bmxTQh1HeSJq4mYV/V5cZUSJadDP3kXvGW8Rn21cimj/7y9ju+47oYWXi97vF7czaA=="],

    "@aws/cloudformation-validate": ["@aws/cloudformation-validate@1.7.0-beta", "", {}, "sha512-3ucys2VE2plAVijHHJmDpDDdi6gxXc/x0bvU3W8Fdm2dZF7Ewb0oQbBTLfrcPCkeHKFpfJtTtfOUl4w6J6uB6w=="],

    "@aws/lambda-invoke-store": ["@aws/lambda-invoke-store@0.3.0", "", {}, "sha512-sl4Bm6yiMNYrZKkqqDFWN0UfnWhlS8ivKxrYl+6t0gCLrqr8y3B2IqZZbFRkfaVVp7C/baApyh71P+LeE1A2sQ=="],

    "@balena/dockerignore": ["@balena/dockerignore@1.0.2", "", {}, "sha512-wMue2Sy4GAVTk6Ic4tJVcnfdau+gx2EnG7S+uAEe+TWJFqE4YoWN4/H8MSLj4eYJKxGg26lZwboEniNiNwZQ6Q=="],

    "@biomejs/biome": ["@biomejs/biome@2.5.11", "", { "optionalDependencies": { "@biomejs/cli-darwin-arm64": "2.5.11", "@biomejs/cli-darwin-x64": "2.5.11", "@biomejs/cli-linux-arm64": "2.5.11", "@biomejs/cli-linux-arm64-musl": "2.5.11", "@biomejs/cli-linux-x64": "2.5.11", "@biomejs/cli-linux-x64-musl": "2.5.11", "@biomejs/cli-win32-arm64": "2.5.11", "@biomejs/cli-win32-x64": "2.5.11" }, "bin": { "biome": "bin/biome" } }, "sha512-Tj0dnkLPdW0ASjHfj2D/ZkkvPU2wrFmnE1jWTD2xzV1ycapV1DutbYXk4NDnR3rYTi1ZCbNFD4G2gRMEY65WaA=="],

    "@biomejs/cli-darwin-arm64": ["@biomejs/cli-darwin-arm64@2.5.11", "", { "os": "darwin", "cpu": "arm64" }, "sha512-6SGZxoKbXvUjMn1t6A98HqWISPnGNbYs0R/Rt2JarmXBSev+lva4QxUMWEBX9lX1Wo1XTJ78uk5xVDtG58SRZg=="],

    "@biomejs/cli-darwin-x64": ["@biomejs/cli-darwin-x64@2.5.11", "", { "os": "darwin", "cpu": "x64" }, "sha512-nYkXY7tLBEgnGbYapDKAyKzgt44ZEyG+AKalvTXtCWKYgepI9dw327q+cVgedxm+Udi1ZzHKUyZrIusHi/KQbw=="],

    "@biomejs/cli-linux-arm64": ["@biomejs/cli-linux-arm64@2.5.11", "", { "os": "linux", "cpu": "arm64" }, "sha512-3PVLSTD9RR73rvVPt5G3T1gc+ycggWEGfTD7RvzzbtcDPD27NxgxBbAFfpm7DXJKW6VLHWE1lLMGvFt2Qxjcow=="],

    "@biomejs/cli-linux-arm64-musl": ["@biomejs/cli-linux-arm64-musl@2.5.11", "", { "os": "linux", "cpu": "arm64" }, "sha512-qhyZUMyCbWYFV2bAwRNVvfMVZ+hv7WYl6mossGrxC+uiQQXhvsuWWU8zz6jYX0mChZd9MgQZbm4vozTmG/5iGw=="],

    "@biomejs/cli-linux-x64": ["@biomejs/cli-linux-x64@2.5.11", "", { "os": "linux", "cpu": "x64" }, "sha512-JOytptlsgM33B2MMFUg8iBrb4IKpbD5JnJrSeYiaFEeAj4vuXx0iQSQZ4qK7sqyMtfjZxxPdNdMZZVL4y/mFyA=="],

    "@biomejs/cli-linux-x64-musl": ["@biomejs/cli-linux-x64-musl@2.5.11", "", { "os": "linux", "cpu": "x64" }, "sha512-oRRlrchG5EfrEL/EmtT1qUjSNHk3/5LGeZhQqADBBAJF1b1ET6964xEKe7aGlGARzDfza8H/seEsFJl7S6Ql9w=="],

    "@biomejs/cli-win32-arm64": ["@biomejs/cli-win32-arm64@2.5.11", "", { "os": "win32", "cpu": "arm64" }, "sha512-e49E6K9hzH/ohJNx8Y26mY8HaV4I4ZViIeoqhKsmoXLKHhQnMeBAVqCgsGf2Wa3lXlS7RkporDXMHHWkzvZzFw=="],

    "@biomejs/cli-win32-x64": ["@biomejs/cli-win32-x64@2.5.11", "", { "os": "win32", "cpu": "x64" }, "sha512-QSQr/KjOgXA7OzXJUWS+oguKyAZ3Q0l/lnlDGbu397eKo83atuWUjBPJrsqbKNF6CARGw8XXJLGzpHC8Ryhd4Q=="],

    "@esbuild/aix-ppc64": ["@esbuild/aix-ppc64@0.28.2", "", { "os": "aix", "cpu": "ppc64" }, "sha512-XExcO+dvLKvVtNTibSTBej1NCAbaGhWn9Ww1ZPx80qsahhPFe/8jgWP0IchNe0F3HwkU7n8ejhH8bjonqht8mQ=="],

    "@esbuild/android-arm": ["@esbuild/android-arm@0.28.2", "", { "os": "android", "cpu": "arm" }, "sha512-kXXoiPVVGQcnIYGOeaovwOURpniDBpSq4A03qkQ+BMQqtGG6HYap3xne9C1O1yo4TR3qxlCX5IqqmX6fFo2Lqg=="],

    "@esbuild/android-arm64": ["@esbuild/android-arm64@0.28.2", "", { "os": "android", "cpu": "arm64" }, "sha512-5YfKeeI8qWfBZIX+u2xZC3Zlb3Os/gLS2sbEKM+I4ZOcsWmHS2WLysCcQZDAFRslDUU5Oiq44gf6PYN1vGwG5A=="],

    "@esbuild/android-x64": ["@esbuild/android-x64@0.28.2", "", { "os": "android", "cpu": "x64" }, "sha512-O387ite7SzUyCcy3JQX4P4bLtEA7bLLkx+esve5JHnyYfNTxcVpXZo9jhdB0lTKN44gztELTdU7nS8Nr16Fs1Q=="],

    "@esbuild/darwin-arm64": ["@esbuild/darwin-arm64@0.28.2", "", { "os": "darwin", "cpu": "arm64" }, "sha512-n4KqkOQrraxHJcgjM1RvwbigfQKIKJVpM7xp+KsxiyUSrRdIXnt73VhrPAx0fV44hgfmIVKjxMN9J1t5jySVkw=="],

    "@esbuild/darwin-x64": ["@esbuild/darwin-x64@0.28.2", "", { "os": "darwin", "cpu": "x64" }, "sha512-uq6suIWYP37qzGddBKPw5QEQPi6HiLGsO7UmkpfyaYNQ3D+rN6w6WfwH+nuqcGXWvawGwxOEroO4YGnFh95azw=="],

    "@esbuild/freebsd-arm64": ["@esbuild/freebsd-arm64@0.28.2", "", { "os": "freebsd", "cpu": "arm64" }, "sha512-n+I0BTSRIoy+d6RPKnEVwql5UwBJolytvY4mAOIEJorKlqgPII8ix6slVVrfZ5Tnj7glIZvloylbB/EJPMWEXw=="],

    "@esbuild/freebsd-x64": ["@esbuild/freebsd-x64@0.28.2", "", { "os": "freebsd", "cpu": "x64" }, "sha512-78XJTJkvPs0kz2w61301PJjXl4g7q3JqiYMZ/M/yVI73EHBrCRTgkhu9oqG7vPqq+a/yadEW8aD+agKlk5xrmg=="],

    "@esbuild/linux-arm": ["@esbuild/linux-arm@0.28.2", "", { "os": "linux", "cpu": "arm" }, "sha512-XlDnu2q5yoqems+xay6wSAcg9DDD7K9RLKZEBOMZm3ckNpJBvOX20tSfby8KfrrhINDyv9V2YVZKY/SpoGJI8w=="],

    "@esbuild/linux-arm64": ["@esbuild/linux-arm64@0.28.2", "", { "os": "linux", "cpu": "arm64" }, "sha512-pW4AC0P3it8c7do9MVM4p51FzHzdM/TZrerurgRcHJ2WTa1VQ1CIq18xncfpBJw4ojkiZZrKW2yIBWBP92j6Ug=="],

    "@esbuild/linux-ia32": ["@esbuild/linux-ia32@0.28.2", "", { "os": "linux", "cpu": "ia32" }, "sha512-CYbnj78HsIeA+DhgUKgFCfvNsTHFhMMrinUrMZpDXJXKN8T3XViTZ/+wtHeVxEWY8ewSzTFN+nRmSwO2tZaLUQ=="],

    "@esbuild/linux-loong64": ["@esbuild/linux-loong64@0.28.2", "", { "os": "linux", "cpu": "none" }, "sha512-buwkd8nsph4R+ajRvw0qM5Hja/TXQow3ptzWO2EbG/cqcIkHloRrdlBtQlshyYGTNFvfkfJ5tpPLVkY4DtsPfQ=="],

    "@esbuild/linux-mips64el": ["@esbuild/linux-mips64el@0.28.2", "", { "os": "linux", "cpu": "none" }, "sha512-ZVykbDyk7519VwiNb9Lcj9m8XM6v5V9uKPvrEMkkEedVewf+0itkhahp4HDpgERXhwLRpWFypsGbG/J8s0QjJA=="],

    "@esbuild/linux-ppc64": ["@esbuild/linux-ppc64@0.28.2", "", { "os": "linux", "cpu": "ppc64" }, "sha512-CAXl+Dtd9UUuJd8pKKdwh6MLm3MUMiqMPmhZ3tTSXPqfyQ3vDl6R5hZdZ/kYojK4ofXtdfSv1tFq8XzWx3heNQ=="],

    "@esbuild/linux-riscv64": ["@esbuild/linux-riscv64@0.28.2", "", { "os": "linux", "cpu": "none" }, "sha512-GeXCej4IQtU1B+QlDV8W/RRvbzI3O/Stss+/bCXv4lZls5WGRtu2a+3JkA3i4qIUlMXpcHebWpF8AkJhATowuA=="],

    "@esbuild/linux-s390x": ["@esbuild/linux-s390x@0.28.2", "", { "os": "linux", "cpu": "s390x" }, "sha512-3H1weTYZPxt/WOhByszQZybS9w5lKzUn1FDMsgEChbHWQwHYQQRfBxgCcZvPhjHfKyJjIievvMmEUawJrdY9Dg=="],

    "@esbuild/linux-x64": ["@esbuild/linux-x64@0.28.2", "", { "os": "linux", "cpu": "x64" }, "sha512-4xTZr1FUmSoQW4XIWmit3tzQrUTZM+N3P0XV8xROKYF50XfI7xeO90+1bZvNwxIufQ9hDQVRJH5YhgPVF8A/HQ=="],

    "@esbuild/netbsd-arm64": ["@esbuild/netbsd-arm64@0.28.2", "", { "os": "none", "cpu": "arm64" }, "sha512-sSATRjPeDBg3pdgHoQfoYBob11Kk1FGa9lui5RIHZCoCkJa9QKlvl3/vKz2usCmYYjs7ymJR/2Nnsqe+Hjt5nw=="],

    "@esbuild/netbsd-x64": ["@esbuild/netbsd-x64@0.28.2", "", { "os": "none", "cpu": "x64" }, "sha512-lqnzCV+mM0gIADaKihiCg6ifgfU2L3h5E33rNQBN1Y4MaVGnzryzmvvf7UHxprpQdE8hpqLolJ9Rl+SkIRDpyw=="],

    "@esbuild/openbsd-arm64": ["@esbuild/openbsd-arm64@0.28.2", "", { "os": "openbsd", "cpu": "arm64" }, "sha512-AL2qJILH7lNjrDmCQDvdxMfAUIv8KMNZOvrwAQ8i8//ntL9FflhOyMJ8OZSMBb8/AWXe3/5v5S20y3zCoZWKoQ=="],

    "@esbuild/openbsd-x64": ["@esbuild/openbsd-x64@0.28.2", "", { "os": "openbsd", "cpu": "x64" }, "sha512-QtiuPytchRyC4rwUKhexJdQKvDuZ6hWloi3igqPQNUJCS1/v9EiO3UTOXR6A3FoMo4fnAKbWJdqaIwhOzh8qEw=="],

    "@esbuild/openharmony-arm64": ["@esbuild/openharmony-arm64@0.28.2", "", { "os": "none", "cpu": "arm64" }, "sha512-WkhYDmpTjLvGlScA1rwjRUmhl4k8oXR3cIbtqWmELgU/dFeHHlEllxDvdWcNJV9rbzCexB5vz8gtNewWLgCT7Q=="],

    "@esbuild/sunos-x64": ["@esbuild/sunos-x64@0.28.2", "", { "os": "sunos", "cpu": "x64" }, "sha512-GPMSkTOtMnv2U2F8gxe4Io6qmVs+YKyp832Etqqxr0hFngmXQ3rzwytelm3GIn7T4VviRUlf3sOgBOiTdvaf7g=="],

    "@esbuild/win32-arm64": ["@esbuild/win32-arm64@0.28.2", "", { "os": "win32", "cpu": "arm64" }, "sha512-PIhhEkE9uPBleRBrQEJpUn7MBnibZzbGzYWPmY3x+YoVg/95zbjB4CxPPOQ8l5tYYM4mMaCthF8/1DIfBQQyWQ=="],

    "@esbuild/win32-ia32": ["@esbuild/win32-ia32@0.28.2", "", { "os": "win32", "cpu": "ia32" }, "sha512-YmJbfTlvU7Sdn9BB+4PRES4oB6pxgS37MAONj+hBr/cpXS1aBPKXxNnDbu+QCWPj0o9dgyxeq79g6c5P8KeuYA=="],

    "@esbuild/win32-x64": ["@esbuild/win32-x64@0.28.2", "", { "os": "win32", "cpu": "x64" }, "sha512-5ebpxr3nWMzrL/rnUI755Jkuee0bHL/Gq0WTF9lvcpv73wAp5eu8MfBUgWK9bhWvZjj7yX8etf/8tI8Ney695g=="],

    "@playwright/test": ["@playwright/test@1.62.1", "", { "dependencies": { "playwright": "1.62.1" }, "bin": { "playwright": "cli.js" } }, "sha512-DTcUc8qii+cpHvtOwggMtBRMjKZHXYWdw8syRYu2vtzuq4Wxphqq4NfCs5Zt44L6mA8rfDfj+PHnxFc/FeK6mQ=="],

    "@sinonjs/commons": ["@sinonjs/commons@3.0.1", "", { "dependencies": { "type-detect": "4.0.8" } }, "sha512-K3mCHKQ9sVh8o1C9cxkwxaOmXoAMlDxC1mYyHrjqOWEcBjYr76t96zL2zlj5dUGZ3HSw240X1qgH3Mjf1yJWpQ=="],

    "@sinonjs/fake-timers": ["@sinonjs/fake-timers@11.2.2", "", { "dependencies": { "@sinonjs/commons": "^3.0.0" } }, "sha512-G2piCSxQ7oWOxwGSAyFHfPIsyeJGXYtc6mFbnFA+kRXkiEnTl8c/8jul2S329iFBnDI9HGoeWWAZvuvOkZccgw=="],

    "@sinonjs/samsam": ["@sinonjs/samsam@8.0.3", "", { "dependencies": { "@sinonjs/commons": "^3.0.1", "type-detect": "^4.1.0" } }, "sha512-hw6HbX+GyVZzmaYNh82Ecj1vdGZrqVIn/keDTg63IgAwiQPO+xCz99uG6Woqgb4tM0mUiFENKZ4cqd7IX94AXQ=="],

    "@smithy/core": ["@smithy/core@3.33.3", "", { "dependencies": { "@smithy/types": "^4.17.2", "tslib": "^2.6.2" } }, "sha512-CsOeKq/9kA3y6VJHt+/+VTCtBaxJ4OTFpgrjIUhPpDIKxBci1k2bJaQASF2h/ELWrulGp+t97DZ0mevfAD8idg=="],

    "@smithy/credential-provider-imds": ["@smithy/credential-provider-imds@4.5.2", "", { "dependencies": { "@smithy/core": "^3.33.2", "@smithy/types": "^4.17.2", "tslib": "^2.6.2" } }, "sha512-A9uSdn72ozbRUSit0eib0TW7nXuNPlaeM0zcGkJ+nE6tFcSDbnmtwoxbTCFBukVQcszDAyvsd7+rTduPTXpygg=="],

    "@smithy/fetch-http-handler": ["@smithy/fetch-http-handler@5.7.2", "", { "dependencies": { "@smithy/core": "^3.33.2", "@smithy/types": "^4.17.2", "tslib": "^2.6.2" } }, "sha512-nZyWTmSpJEXl6VtWVMBJve/7x12DZu6sIX1z1a+ZMaHlQQRs9Zpu6NbTe/gmxYXVRpkjxyDYpZ5gx2IM6f/Wkw=="],

    "@smithy/node-http-handler": ["@smithy/node-http-handler@4.12.0", "", { "dependencies": { "@smithy/core": "^3.33.3", "@smithy/types": "^4.17.2", "tslib": "^2.6.2" } }, "sha512-0mq1pHadfyXCYCqm2cNpbjNIT+fbaUpNxewZb/YNr2L0IrEVMOb8gM/Fl4K6XvHCW3uSNDFwPl/+iKm0bx9jYg=="],

    "@smithy/signature-v4": ["@smithy/signature-v4@5.7.3", "", { "dependencies": { "@smithy/core": "^3.33.3", "@smithy/types": "^4.17.2", "tslib": "^2.6.2" } }, "sha512-7ImGm+FkHRLcBaRttIAMZ6bzJZWb2cJGoYjq46F2UjycujWzrL9GEN9h4w7eQyXJYnltrUhxbbieBAIRrdqpow=="],

    "@smithy/types": ["@smithy/types@4.17.2", "", { "dependencies": { "tslib": "^2.6.2" } }, "sha512-FOKpVZob9MPTn2znRzGrnsMHv7BOsKVw3XiP/cOyYLDVZ9qKp4nifIiSCuUU/fIj5Vu0UOAxCFr+qRAtG0NUkA=="],

    "@tabframe/control-plane": ["@tabframe/control-plane@workspace:packages/control-plane"],

    "@tabframe/core": ["@tabframe/core@workspace:packages/core"],

    "@tabframe/dev": ["@tabframe/dev@workspace:packages/dev"],

    "@tabframe/fleet": ["@tabframe/fleet@workspace:packages/fleet"],

    "@tabframe/infra": ["@tabframe/infra@workspace:packages/infra"],

    "@tabframe/node": ["@tabframe/node@workspace:packages/node"],

    "@tabframe/program-mandelbrot": ["@tabframe/program-mandelbrot@workspace:programs/mandelbrot"],

    "@tabframe/program-wordcount": ["@tabframe/program-wordcount@workspace:programs/wordcount"],

    "@tabframe/protocol": ["@tabframe/protocol@workspace:packages/protocol"],

    "@tabframe/sandbox": ["@tabframe/sandbox@workspace:packages/sandbox"],

    "@tabframe/sdk-as": ["@tabframe/sdk-as@workspace:packages/sdk-as"],

    "@tabframe/store": ["@tabframe/store@workspace:packages/store"],

    "@tabframe/web": ["@tabframe/web@workspace:packages/web"],

    "@types/bun": ["@types/bun@1.4.0", "", { "dependencies": { "bun-types": "1.4.0" } }, "sha512-K+lZULY23vRgK/CfTjFIV+tyifaNdSMlPh9j+6mQ/cLfpOznLyAuzgV/JQysyECpkBQLVMSyvjlr2fBUSA9wFQ=="],

    "@types/node": ["@types/node@22.20.1", "", { "dependencies": { "undici-types": "~6.21.0" } }, "sha512-EANqOCF9QFyra+4pfxUcX9STKJpCLjMbObVzljIJomAWSnuSIEAvyzEU53GaajbXJEgdh0iEcPL+DGvpUd4k1Q=="],

    "@types/sinon": ["@types/sinon@17.0.4", "", { "dependencies": { "@types/sinonjs__fake-timers": "*" } }, "sha512-RHnIrhfPO3+tJT0s7cFaXGZvsL4bbR3/k7z3P312qMS4JaS2Tk+KiwiLx1S0rQ56ERj00u1/BtdyVd0FY+Pdew=="],

    "@types/sinonjs__fake-timers": ["@types/sinonjs__fake-timers@15.0.1", "", {}, "sha512-Ko2tjWJq8oozHzHV+reuvS5KYIRAokHnGbDwGh/J64LntgpbuylF74ipEL24HCyRjf9FOlBiBHWBR1RlVKsI1w=="],

    "@types/ws": ["@types/ws@8.18.1", "", { "dependencies": { "@types/node": "*" } }, "sha512-ThVF6DCVhA8kUGy+aazFQ4kXQ7E1Ty7A3ypFOe0IcJV8O/M511G99AW24irKrW56Wt44yG9+ij8FaqoBGkuBXg=="],

    "@typescript/typescript-aix-ppc64": ["@typescript/typescript-aix-ppc64@7.0.2", "", { "os": "aix", "cpu": "ppc64" }, "sha512-MTKKkWB7p/0E9xi1d1tHtZ5PiLkGEMIq88pK2CubZjOsLtYTLqhgIgi6zepFa+9GHZ6h05NMCkQxGKiPXMxXtQ=="],

    "@typescript/typescript-darwin-arm64": ["@typescript/typescript-darwin-arm64@7.0.2", "", { "os": "darwin", "cpu": "arm64" }, "sha512-gowzar9MwS/aRWp6f3a4KUqzRjAZjOsmGNCM6LcTgXum+dBfgsBVMN+AgvOCCbguXyick6LJhpBszxMebJ8syA=="],

    "@typescript/typescript-darwin-x64": ["@typescript/typescript-darwin-x64@7.0.2", "", { "os": "darwin", "cpu": "x64" }, "sha512-SZ9xZInqApNlNGc9s0W1VSsktYSOe9cFqNOIqmN1Gs8SmkjKZYFt017G4VwPxASInODuAdbTW7sXiFUf893RgA=="],

    "@typescript/typescript-freebsd-arm64": ["@typescript/typescript-freebsd-arm64@7.0.2", "", { "os": "freebsd", "cpu": "arm64" }, "sha512-W5NH4y/J0plIIS5b2xvTEkU7JFxyqdMAOgf+Ilhl0vHQXKO5dZoxd+C/jEtq56c4F3wk71RB4BMRQ2XdI+bwYQ=="],

    "@typescript/typescript-freebsd-x64": ["@typescript/typescript-freebsd-x64@7.0.2", "", { "os": "freebsd", "cpu": "x64" }, "sha512-UMGDx5sTpzNw3WiPebH7l90IWfJggEd+egHt/q6p7/Cm3zqoV7VxkGXt+3DxPIw8CcmvAB0j3sVVfbhX+M4Tpw=="],

    "@typescript/typescript-linux-arm": ["@typescript/typescript-linux-arm@7.0.2", "", { "os": "linux", "cpu": "arm" }, "sha512-gffT3xPz9sR7j/YJExkyPntrI0P2EP9XbOyWzth2/Gs0RstK+90RBcO0ncXoXy/beYll1SXw846Nf2zdnEz0QQ=="],

    "@typescript/typescript-linux-arm64": ["@typescript/typescript-linux-arm64@7.0.2", "", { "os": "linux", "cpu": "arm64" }, "sha512-Qh4eU4/y3yDjnfjjyPYihMj5/ODIlmt+Bzu17OI+fiSRDW57QmU5SiN63exPRNJPKUzcc1INa1NXdrJ+MqHjUQ=="],

    "@typescript/typescript-linux-loong64": ["@typescript/typescript-linux-loong64@7.0.2", "", { "os": "linux", "cpu": "none" }, "sha512-uEHck9i8hoAzXPiYRib1O7miOnz23SxIeVl6F4LXox+qov1K35jHcEW6VHKvZI+pyvl7fZEP4MCU5LYvIq1GuQ=="],

    "@typescript/typescript-linux-mips64el": ["@typescript/typescript-linux-mips64el@7.0.2", "", { "os": "linux", "cpu": "none" }, "sha512-R4KvAMnE43W5Qeqb0Ly56O3mWMWIAgsMyz36DCaycd5nbg/9kzm0liw3JocfRqyJY0KPmzFjbswozXyW0DnIYA=="],

    "@typescript/typescript-linux-ppc64": ["@typescript/typescript-linux-ppc64@7.0.2", "", { "os": "linux", "cpu": "ppc64" }, "sha512-DORx5b3sd/4S7eayxm4FQv+A7CrkUIGRaHiwI8oiHTAI1fAPWhF4J0vAlkC8biAlHSVVwxMQ3tjZ2/DVbnQiiA=="],

    "@typescript/typescript-linux-riscv64": ["@typescript/typescript-linux-riscv64@7.0.2", "", { "os": "linux", "cpu": "none" }, "sha512-wf0jqEDOjrPRnKwYRyyJDRo11KMbvMFrU+q4zqKyChODBzvlkbhNQfKvLxQCcwTpdDaXSHZTVuh0JoCrKCUMHQ=="],

    "@typescript/typescript-linux-s390x": ["@typescript/typescript-linux-s390x@7.0.2", "", { "os": "linux", "cpu": "s390x" }, "sha512-IkwJc3L7yhytWd/ewjyxNDfOmswCm9GWMJT/ue/dU4aZNbwZeYAetq42VyLmsmSjvoX7z74X6ZaYCtzAr0EuGw=="],

    "@typescript/typescript-linux-x64": ["@typescript/typescript-linux-x64@7.0.2", "", { "os": "linux", "cpu": "x64" }, "sha512-EYdf2cNg7rgCWJnxCdJ+F3V39O8ihb37eHAu1LK8oAFizgTQbPOK7zHHXbPt8rX24COqODXeI3sIf0fCXG7H/A=="],

    "@typescript/typescript-netbsd-arm64": ["@typescript/typescript-netbsd-arm64@7.0.2", "", { "os": "none", "cpu": "arm64" }, "sha512-+polYF4MF04aPpO5FTkHran9yUQDSXqy5GiSDKpsll5jy3l3+g9QLhpf39T+ePtefhXLOGrLl0QIjkQP6VnelA=="],

    "@typescript/typescript-netbsd-x64": ["@typescript/typescript-netbsd-x64@7.0.2", "", { "os": "none", "cpu": "x64" }, "sha512-8YIT0EHM/3dq10ZOVF/A7pc/YSMtbcecct4rWtexrnSCHOPcpC2KTLXfTCR6vDpnSiY12heNb1GiN/wu+T/FyA=="],

    "@typescript/typescript-openbsd-arm64": ["@typescript/typescript-openbsd-arm64@7.0.2", "", { "os": "openbsd", "cpu": "arm64" }, "sha512-APT8+ClYnuYm1u9+kgGXoMj2VzWzcymwh2gNSQVySHfkRDGOTVkoWLjCmOQSaO+PoqQ57B0flRp9SA+7GnnkzQ=="],

    "@typescript/typescript-openbsd-x64": ["@typescript/typescript-openbsd-x64@7.0.2", "", { "os": "openbsd", "cpu": "x64" }, "sha512-yX7s+Q0Dln0Dt9tEzZsAjXXR/+ytBM7AlglaqyeMPxQszJ1JhlJdZ6jLA+IzldHtflX81em7lDao1xXu+aRRkg=="],

    "@typescript/typescript-sunos-x64": ["@typescript/typescript-sunos-x64@7.0.2", "", { "os": "sunos", "cpu": "x64" }, "sha512-dLJDGaLZ1D4HPQn62u1n8mBDkJREwMsAkCdkwd4Ieqw+x3TUyTsqY0YiBCtE6H6OzzgGk3iuZ3vFWRS+E8/d1g=="],

    "@typescript/typescript-win32-arm64": ["@typescript/typescript-win32-arm64@7.0.2", "", { "os": "win32", "cpu": "arm64" }, "sha512-Gyl1Vy6OsWesLzmq+EP0Fb7b4Nid5232AvcA2SFcdYreldpNtYFFofPjnt62y9hQy7VTaZp65ICJjuAQRaVcIQ=="],

    "@typescript/typescript-win32-x64": ["@typescript/typescript-win32-x64@7.0.2", "", { "os": "win32", "cpu": "x64" }, "sha512-0BQ3HkAHHlKLSp1qRvf3SUhGpGsDuhB/jgFw75guyqbxJqEaS0Cw/VFO8i2nHglJUzQCRtMMR/IBAKE3ETMC4g=="],

    "assemblyscript": ["assemblyscript@0.28.20", "", { "dependencies": { "binaryen": "131.0.0-nightly.20260721", "long": "^5.2.4" }, "bin": { "asc": "bin/asc.js", "asinit": "bin/asinit.js" } }, "sha512-5PM7GZpvcLypHcLmi30aP8mqm5HjU+LL3BdV1xDyA3USGtL2w+iMiUnhtH+vW8+2kOuHlAyPu7M+QgyEw5he1g=="],

    "aws-cdk-lib": ["aws-cdk-lib@2.267.0", "", { "dependencies": { "@aws-cdk/asset-awscli-v1": "2.2.292", "@aws-cdk/asset-node-proxy-agent-v6": "^2.1.2", "@aws-cdk/cloud-assembly-api": "^2.2.6", "@aws-cdk/cloud-assembly-schema": "^54.11.0", "@aws/cloudformation-validate": "1.7.0-beta", "@balena/dockerignore": "^1.0.2", "case": "1.6.3", "fs-extra": "^11.3.6", "ignore": "^5.3.2", "jsonschema": "^1.5.0", "mime-types": "^2.1.35", "minimatch": "^10.2.5", "punycode": "^2.3.1", "semver": "^7.8.5", "yaml": "1.10.3" }, "peerDependencies": { "constructs": "^10.5.0" } }, "sha512-ubmc2Th+XFjQAy6cnihRmH9Xxf9X2iZ5Vuf0g/4kBiBSoLahJy5cwJB5TmicEpitZ+fHBRyfoAZ4BkLk4G0Stg=="],

    "aws-sdk-client-mock": ["aws-sdk-client-mock@4.1.0", "", { "dependencies": { "@types/sinon": "^17.0.3", "sinon": "^18.0.1", "tslib": "^2.1.0" } }, "sha512-h/tOYTkXEsAcV3//6C1/7U4ifSpKyJvb6auveAepqqNJl6TdZaPFEtKjBQNf8UxQdDP850knB2i/whq4zlsxJw=="],

    "balanced-match": ["balanced-match@4.0.4", "", {}, "sha512-BLrgEcRTwX2o6gGxGOCNyMvGSp35YofuYzw9h1IMTRmKqttAZZVU67bdb9Pr2vUHA8+j3i2tJfjO6C6+4myGTA=="],

    "binaryen": ["binaryen@131.0.0-nightly.20260721", "", { "bin": { "wasm-as": "bin/wasm-as", "wasm2js": "bin/wasm2js", "wasm-dis": "bin/wasm-dis", "wasm-opt": "bin/wasm-opt", "wasm-merge": "bin/wasm-merge", "wasm-shell": "bin/wasm-shell", "wasm-reduce": "bin/wasm-reduce", "wasm-metadce": "bin/wasm-metadce", "wasm-ctor-eval": "bin/wasm-ctor-eval" } }, "sha512-AAQIkhfbYXh4FBObwBrlO+5L+6Rp6OOMOjh6AdT0M+GLNLyrwKWgtW+EzmizNgx9CWDfTJPfDtKoZi62QESbtg=="],

    "bowser": ["bowser@2.14.1", "", {}, "sha512-tzPjzCxygAKWFOJP011oxFHs57HzIhOEracIgAePE4pqB3LikALKnSzUyU4MGs9/iCEUuHlAJTjTc5M+u7YEGg=="],

    "brace-expansion": ["brace-expansion@5.0.9", "", { "dependencies": { "balanced-match": "^4.0.2" } }, "sha512-ScQ4IuvIEF1TMlP7Zt+vjJ//9zlPb2SDcxWxM3bk8s6t6GGdJ7KO1dCcTidOPJKePW30LE/2cT7wCyPho9/Wxg=="],

    "bun-types": ["bun-types@1.4.0", "", { "dependencies": { "@types/node": "*" } }, "sha512-iIKw23BspnQQYd3prITOBxeUsxBHnwzX6YJfGMuNOZzeNcMmVqzIIVGRm1l69ogaPQmb4wB6BN8mA5bE9YuC5Q=="],

    "case": ["case@1.6.3", "", {}, "sha512-mzDSXIPaFwVDvZAHqZ9VlbyF4yyXRuX6IvB06WvPYkqJVO24kX1PPhv9bfpKNFZyxYFmmgo03HUiD8iklmJYRQ=="],

    "constructs": ["constructs@10.8.1", "", {}, "sha512-98yGXYyhePqPYh3cYu8nzBERmAhC0DONe3UD03okK0nehZ7hYP4wgZuf02a04+uOWxnTJ5Rpp5m0GRNpwyLGGA=="],

    "diff": ["diff@5.2.2", "", {}, "sha512-vtcDfH3TOjP8UekytvnHH1o1P4FcUdt4eQ1Y+Abap1tk/OB2MWQvcwS2ClCd1zuIhc3JKOx6p3kod8Vfys3E+A=="],

    "esbuild": ["esbuild@0.28.2", "", { "optionalDependencies": { "@esbuild/aix-ppc64": "0.28.2", "@esbuild/android-arm": "0.28.2", "@esbuild/android-arm64": "0.28.2", "@esbuild/android-x64": "0.28.2", "@esbuild/darwin-arm64": "0.28.2", "@esbuild/darwin-x64": "0.28.2", "@esbuild/freebsd-arm64": "0.28.2", "@esbuild/freebsd-x64": "0.28.2", "@esbuild/linux-arm": "0.28.2", "@esbuild/linux-arm64": "0.28.2", "@esbuild/linux-ia32": "0.28.2", "@esbuild/linux-loong64": "0.28.2", "@esbuild/linux-mips64el": "0.28.2", "@esbuild/linux-ppc64": "0.28.2", "@esbuild/linux-riscv64": "0.28.2", "@esbuild/linux-s390x": "0.28.2", "@esbuild/linux-x64": "0.28.2", "@esbuild/netbsd-arm64": "0.28.2", "@esbuild/netbsd-x64": "0.28.2", "@esbuild/openbsd-arm64": "0.28.2", "@esbuild/openbsd-x64": "0.28.2", "@esbuild/openharmony-arm64": "0.28.2", "@esbuild/sunos-x64": "0.28.2", "@esbuild/win32-arm64": "0.28.2", "@esbuild/win32-ia32": "0.28.2", "@esbuild/win32-x64": "0.28.2" }, "bin": { "esbuild": "bin/esbuild" } }, "sha512-HKVLS8dvII+xoKW9kmqxbRKrnWEXfJJr/FZhhJmiqIB0e053QNYFqOBouTMO/k5sID4MvCiUCvv8b9M4h32wIA=="],

    "fast-check": ["fast-check@4.9.0", "", { "dependencies": { "pure-rand": "^8.0.0" } }, "sha512-7ms6T7SybUev/PQITciI0yLM2pOSFy5zpG8Ty7tQofcVaQUvrMXp6CBwqF6fThLCLOrfBtuHAtwq6Yu4XPCllg=="],

    "fs-extra": ["fs-extra@11.4.0", "", { "dependencies": { "graceful-fs": "^4.2.0", "jsonfile": "^6.0.1", "universalify": "^2.0.0" } }, "sha512-EQsFzMUJkCKGr1ePqlYADkIUmHW1s3ZXr5Yqy6wbGrfUCphpl2maM/kyOIRA2HpP3AaFQTZXD4ldjek+nccddA=="],

    "fsevents": ["fsevents@2.3.2", "", { "os": "darwin" }, "sha512-xiqMQR4xAeHTuB9uWm+fFRcIOgKBMiOBP+eXiyT7jsgVCq1bkVygt00oASowB7EdtpOHaaPgKt812P9ab+DDKA=="],

    "graceful-fs": ["graceful-fs@4.2.11", "", {}, "sha512-RbJ5/jmFcNNCcDV5o9eTnBLJ/HszWV0P73bc+Ff4nS/rJj+YaS6IGyiOL0VoBYX+l1Wrl3k63h/KrH+nhJ0XvQ=="],

    "has-flag": ["has-flag@4.0.0", "", {}, "sha512-EykJT/Q1KjTWctppgIAgfSO0tKVuZUjhgMr17kqTumMl6Afv3EISleU7qZUzoXDFTAHTDC4NOoG/ZxU3EvlMPQ=="],

    "ignore": ["ignore@5.3.2", "", {}, "sha512-hsBTNUqQTDwkWtcdYI2i06Y/nUBEsNEDJKjWdigLvegy8kDuJAS8uRlpkkcQpyEXL0Z/pjDy5HBmMjRCJ2gq+g=="],

    "json-source-map": ["json-source-map@0.6.1", "", {}, "sha512-1QoztHPsMQqhDq0hlXY5ZqcEdUzxQEIxgFkKl4WUp2pgShObl+9ovi4kRh2TfvAfxAoHOJ9vIMEqk3k4iex7tg=="],

    "jsonfile": ["jsonfile@6.2.1", "", { "dependencies": { "universalify": "^2.0.0" }, "optionalDependencies": { "graceful-fs": "^4.1.6" } }, "sha512-zwOTdL3rFQ/lRdBnntKVOX6k5cKJwEc1HdilT71BWEu7J41gXIB2MRp+vxduPSwZJPWBxEzv4yH1wYLJGUHX4Q=="],

    "jsonschema": ["jsonschema@1.5.0", "", {}, "sha512-K+A9hhqbn0f3pJX17Q/7H6yQfD/5OXgdrR5UE12gMXCiN9D5Xq2o5mddV2QEcX/bjla99ASsAAQUyMCCRWAEhw=="],

    "just-extend": ["just-extend@6.2.0", "", {}, "sha512-cYofQu2Xpom82S6qD778jBDpwvvy39s1l/hrYij2u9AMdQcGRpaBu6kY4mVhuno5kJVi1DAz4aiphA2WI1/OAw=="],

    "long": ["long@5.3.2", "", {}, "sha512-mNAgZ1GmyNhD7AuqnTG3/VQ26o760+ZYBPKjPvugO8+nLbYfX6TVpJPseBvopbdY+qpZ/lKUnmEc1LeZYS3QAA=="],

    "mime-db": ["mime-db@1.52.0", "", {}, "sha512-sPU4uV7dYlvtWJxwwxHD0PuihVNiE7TyAbQ5SWxDCB9mUYvOgroQOwYQQOKPJ8CIbE+1ETVlOoK1UC2nU3gYvg=="],

    "mime-types": ["mime-types@2.1.35", "", { "dependencies": { "mime-db": "1.52.0" } }, "sha512-ZDY+bPm5zTTF+YpCrAU9nK0UgICYPT0QtT1NZWFv4s++TNkcgVaT0g6+4R2uI4MjQjzysHB1zxuWL50hzaeXiw=="],

    "minimatch": ["minimatch@10.2.6", "", { "dependencies": { "brace-expansion": "^5.0.8" } }, "sha512-vpLQEs+VLCr1nU0BXS07maYoFwlDAH0gngQuuttxIwutDFEMHq2blX+8vpgxDdK3J1PwjCJiep77OitTZ4Ll1A=="],

    "nise": ["nise@6.1.5", "", { "dependencies": { "@sinonjs/commons": "^3.0.1", "@sinonjs/fake-timers": "^15.1.1", "just-extend": "^6.2.0", "path-to-regexp": "^8.3.0" } }, "sha512-SnRDPDBjxZZoU2n0+gzzLtSvo1OZo7j6jnbXsoh3AFxEGhaFU7ZF0TmefuKERq79wxR2U+MPn7ArW+Tl+clC3A=="],

    "path-to-regexp": ["path-to-regexp@8.4.2", "", {}, "sha512-qRcuIdP69NPm4qbACK+aDogI5CBDMi1jKe0ry5rSQJz8JVLsC7jV8XpiJjGRLLol3N+R5ihGYcrPLTno6pAdBA=="],

    "playwright": ["playwright@1.62.1", "", { "dependencies": { "playwright-core": "1.62.1" }, "optionalDependencies": { "fsevents": "2.3.2" }, "bin": { "playwright": "cli.js" } }, "sha512-0M+L3LAD8/nm554LOla9Ayx0j0tmFZ0FBcoQ7F1VuVHpM/XpiC8RcDzBQB8W5+hA8L22THxELzeF+2WcUzvcLg=="],

    "playwright-core": ["playwright-core@1.62.1", "", { "bin": { "playwright-core": "cli.js" } }, "sha512-wPYSwEBJY9GHraISXqyqtx0na0LpO3XEX7jNDhntbex7tzUS7kLnZsOlFruFJB4Hi/rhDMjXGqHewDZ68nYZVw=="],

    "punycode": ["punycode@2.3.1", "", {}, "sha512-vYt7UD1U9Wg6138shLtLOvdAu+8DsC/ilFtEVHcH+wydcSpNE20AfSOduf6MkRFahL5FY7X1oU7nKVZFtfq8Fg=="],

    "pure-rand": ["pure-rand@8.4.2", "", {}, "sha512-vvuOGgcuPJAirlHvuQw1TrOiw7ptaIXXmIbNuiNOY6lNGJJH49PQ1Kj4nd783nPdQhQdicgOjVI2yI/9BD6/Ng=="],

    "semver": ["semver@7.8.5", "", { "bin": { "semver": "bin/semver.js" } }, "sha512-Y7/KDsb8LjooZpwaqGyulO6DQlksgCncchHGk+sZIY4SBvUocMBEFH5Ur1fI4dV+Jvl0w6cjvucaIi40puRioA=="],

    "sinon": ["sinon@18.0.1", "", { "dependencies": { "@sinonjs/commons": "^3.0.1", "@sinonjs/fake-timers": "11.2.2", "@sinonjs/samsam": "^8.0.0", "diff": "^5.2.0", "nise": "^6.0.0", "supports-color": "^7" } }, "sha512-a2N2TDY1uGviajJ6r4D1CyRAkzE9NNVlYOV1wX5xQDuAk0ONgzgRl0EjCQuRCPxOwp13ghsMwt9Gdldujs39qw=="],

    "supports-color": ["supports-color@7.2.0", "", { "dependencies": { "has-flag": "^4.0.0" } }, "sha512-qpCAvRl9stuOHveKsn7HncJRvv501qIacKzQlO/+Lwxc9+0q2wLyv4Dfvt80/DPn2pqOBsJdDiogXGR9+OvwRw=="],

    "tslib": ["tslib@2.8.1", "", {}, "sha512-oJFu94HQb+KVduSUQL7wnpmqnfmLsOA/nAh6b6EH0wCEoK0/mPeXU6c3wKDV83MkOuHPRHtSXKKU99IBazS/2w=="],

    "type-detect": ["type-detect@4.0.8", "", {}, "sha512-0fr/mIH1dlO+x7TlcMy+bIDqKPsw/70tVyeHW787goQjhmqaZe10uwLujubK9q9Lg6Fiho1KUKDYz0Z7k7g5/g=="],

    "typescript": ["typescript@7.0.2", "", { "optionalDependencies": { "@typescript/typescript-aix-ppc64": "7.0.2", "@typescript/typescript-darwin-arm64": "7.0.2", "@typescript/typescript-darwin-x64": "7.0.2", "@typescript/typescript-freebsd-arm64": "7.0.2", "@typescript/typescript-freebsd-x64": "7.0.2", "@typescript/typescript-linux-arm": "7.0.2", "@typescript/typescript-linux-arm64": "7.0.2", "@typescript/typescript-linux-loong64": "7.0.2", "@typescript/typescript-linux-mips64el": "7.0.2", "@typescript/typescript-linux-ppc64": "7.0.2", "@typescript/typescript-linux-riscv64": "7.0.2", "@typescript/typescript-linux-s390x": "7.0.2", "@typescript/typescript-linux-x64": "7.0.2", "@typescript/typescript-netbsd-arm64": "7.0.2", "@typescript/typescript-netbsd-x64": "7.0.2", "@typescript/typescript-openbsd-arm64": "7.0.2", "@typescript/typescript-openbsd-x64": "7.0.2", "@typescript/typescript-sunos-x64": "7.0.2", "@typescript/typescript-win32-arm64": "7.0.2", "@typescript/typescript-win32-x64": "7.0.2" }, "bin": { "tsc": "bin/tsc" } }, "sha512-8FYau96o3NKOhbjKi/qNvG/W5jhzxkbdm5sj9AbZ/5T5sWqn3hJgLfGx27sRKZWTvyzCP8dLRBTf5tBTSRVUNA=="],

    "undici-types": ["undici-types@6.21.0", "", {}, "sha512-iwDZqg0QAGrg9Rav5H4n0M64c3mkR59cJ6wQp+7C4nI0gsmExaedaYLNO44eT4AtBBwjbTiGPMlt2Md0T9H9JQ=="],

    "universalify": ["universalify@2.0.1", "", {}, "sha512-gptHNQghINnc/vTGIk0SOFGFNXw7JVrlRUtConJRlvaw6DuX0wO5Jeko9sWrMBhh+PsYAZ7oXAiOnf/UKogyiw=="],

    "ws": ["ws@8.21.3", "", { "peerDependencies": { "bufferutil": "^4.0.1", "utf-8-validate": ">=5.0.2" }, "optionalPeers": ["bufferutil", "utf-8-validate"] }, "sha512-201TZ/kPWxoPr/OKWjquZR1SWKXcvxdH+e1xrx89b3YbmzLMFCLfnaG1HFIgWzJOEWZ7MvpK++odZufgYR50Rw=="],

    "yaml": ["yaml@1.10.3", "", {}, "sha512-vIYeF1u3CjlhAFekPPAk2h/Kv4T3mAkMox5OymRiJQB0spDP10LHvt+K7G9Ny6NuuMAb25/6n1qyUjAcGNf/AA=="],

    "zod": ["zod@4.5.4", "", {}, "sha512-sC95tT5iHHH9gtpj6A81kh+NEaRAUFN+qlUPDUbRfOMvNf5QCBqsb3WgvnpVtK5Y+4UfA6KqufotuTvMGiTlsA=="],

    "@aws-cdk/cloud-assembly-schema/jsonschema": ["jsonschema@1.5.0", "", { "bundled": true }, "sha512-K+A9hhqbn0f3pJX17Q/7H6yQfD/5OXgdrR5UE12gMXCiN9D5Xq2o5mddV2QEcX/bjla99ASsAAQUyMCCRWAEhw=="],

    "@aws-cdk/cloud-assembly-schema/semver": ["semver@7.8.5", "", { "bundled": true, "bin": { "semver": "bin/semver.js" } }, "sha512-Y7/KDsb8LjooZpwaqGyulO6DQlksgCncchHGk+sZIY4SBvUocMBEFH5Ur1fI4dV+Jvl0w6cjvucaIi40puRioA=="],

    "@sinonjs/samsam/type-detect": ["type-detect@4.1.0", "", {}, "sha512-Acylog8/luQ8L7il+geoSxhEkazvkslg7PSNKOX59mbB9cOveP5aq9h74Y7YU8yDpJwetzQQrfIwtf4Wp4LKcw=="],

    "nise/@sinonjs/fake-timers": ["@sinonjs/fake-timers@15.4.0", "", { "dependencies": { "@sinonjs/commons": "^3.0.1" } }, "sha512-DsG+8/LscQIQg68J6Ef3dv10u6nVyetYn923s3/sus5eaGfTo1of5WMZSLf0UJc9KDuKPilPH0UDJCjvNbDNCA=="],
  }
}
